
Microsoft Visual Studio Solution File, Format Version 12.00
# Visual Studio 15
VisualStudioVersion = 15.0.28010.2026
MinimumVisualStudioVersion = 10.0.40219.1
Project("{FAE04EC0-301F-11D3-BF4B-00C04F79EFBC}") = "MVCDemo", "MVCDemo\MVCDemo.csproj", "{39ECD81B-91C0-42A6-ACEB-D5019E52444D}"
EndProject
Global
	GlobalSection(SolutionConfigurationPlatforms) = preSolution
		Debug|Any CPU = Debug|Any CPU
		Release|Any CPU = Release|Any CPU
	EndGlobalSection
	GlobalSection(ProjectConfigurationPlatforms) = postSolution
		{39ECD81B-91C0-42A6-ACEB-D5019E52444D}.Debug|Any CPU.ActiveCfg = Debug|Any CPU
		{39ECD81B-91C0-42A6-ACEB-D5019E52444D}.Debug|Any CPU.Build.0 = Debug|Any CPU
		{39ECD81B-91C0-42A6-ACEB-D5019E52444D}.Release|Any CPU.ActiveCfg = Release|Any CPU
		{39ECD81B-91C0-42A6-ACEB-D5019E52444D}.Release|Any CPU.Build.0 = Release|Any CPU
	EndGlobalSection
	GlobalSection(SolutionProperties) = preSolution
		HideSolutionNode = FALSE
	EndGlobalSection
	GlobalSection(ExtensibilityGlobals) = postSolution
		SolutionGuid = {E345EB65-889F-424D-9229-D853326D0F42}
	EndGlobalSection
EndGlobal
